// !$*UTF8*$!
{
	archiveVersion = 1;
	classes = {
	};
	objectVersion = 50;
	objects = {

/* Begin PBXBuildFile section */
		8274173125C46F5100DB12E4 /* AppDelegate.swift in Sources */ = {isa = PBXBuildFile; fileRef = 8274173025C46F5100DB12E4 /* AppDelegate.swift */; };
		8274173325C46F5100DB12E4 /* SceneDelegate.swift in Sources */ = {isa = PBXBuildFile; fileRef = 8274173225C46F5100DB12E4 /* SceneDelegate.swift */; };
		8274173525C46F5100DB12E4 /* ViewController.swift in Sources */ = {isa = PBXBuildFile; fileRef = 8274173425C46F5100DB12E4 /* ViewController.swift */; };
		8274173A25C46F5600DB12E4 /* Assets.xcassets in Resources */ = {isa = PBXBuildFile; fileRef = 8274173925C46F5600DB12E4 /* Assets.xcassets */; };
		8274173D25C46F5600DB12E4 /* LaunchScreen.storyboard in Resources */ = {isa = PBXBuildFile; fileRef = 8274173B25C46F5600DB12E4 /* LaunchScreen.storyboard */; };
		8274174625C4701600DB12E4 /* CustomButton.swift in Sources */ = {isa = PBXBuildFile; fileRef = 8274174525C4701600DB12E4 /* CustomButton.swift */; };
		8274174A25C4705300DB12E4 /* DetectViewController.swift in Sources */ = {isa = PBXBuildFile; fileRef = 8274174925C4705300DB12E4 /* DetectViewController.swift */; };
		8274174D25C4707800DB12E4 /* iHear.mlmodel in Sources */ = {isa = PBXBuildFile; fileRef = 8274174C25C4707700DB12E4 /* iHear.mlmodel */; };
		8274175025C470DA00DB12E4 /* camera.png in Resources */ = {isa = PBXBuildFile; fileRef = 8274174F25C470DA00DB12E4 /* camera.png */; };
/* End PBXBuildFile section */

/* Begin PBXFileReference section */
		8274172D25C46F5100DB12E4 /* I Hear You.app */ = {isa = PBXFileReference; explicitFileType = wrapper.application; includeInIndex = 0; path = "I Hear You.app"; sourceTree = BUILT_PRODUCTS_DIR; };
		8274173025C46F5100DB12E4 /* AppDelegate.swift */ = {isa = PBXFileReference; lastKnownFileType = sourcecode.swift; path = AppDelegate.swift; sourceTree = "<group>"; };
		8274173225C46F5100DB12E4 /* SceneDelegate.swift */ = {isa = PBXFileReference; lastKnownFileType = sourcecode.swift; path = SceneDelegate.swift; sourceTree = "<group>"; };
		8274173425C46F5100DB12E4 /* ViewController.swift */ = {isa = PBXFileReference; lastKnownFileType = sourcecode.swift; path = ViewController.swift; sourceTree = "<group>"; };
		8274173925C46F5600DB12E4 /* Assets.xcassets */ = {isa = PBXFileReference; lastKnownFileType = folder.assetcatalog; path = Assets.xcassets; sourceTree = "<group>"; };
		8274173C25C46F5600DB12E4 /* Base */ = {isa = PBXFileReference; lastKnownFileType = file.storyboard; name = Base; path = Base.lproj/LaunchScreen.storyboard; sourceTree = "<group>"; };
		8274173E25C46F5600DB12E4 /* Info.plist */ = {isa = PBXFileReference; lastKnownFileType = text.plist.xml; path = Info.plist; sourceTree = "<group>"; };
		8274174525C4701600DB12E4 /* CustomButton.swift */ = {isa = PBXFileReference; lastKnownFileType = sourcecode.swift; path = CustomButton.swift; sourceTree = "<group>"; };
		8274174925C4705300DB12E4 /* DetectViewController.swift */ = {isa = PBXFileReference; lastKnownFileType = sourcecode.swift; path = DetectViewController.swift; sourceTree = "<group>"; };
		8274174C25C4707700DB12E4 /* iHear.mlmodel */ = {isa = PBXFileReference; lastKnownFileType = file.mlmodel; path = iHear.mlmodel; sourceTree = "<group>"; };
		8274174F25C470DA00DB12E4 /* camera.png */ = {isa = PBXFileReference; lastKnownFileType = image.png; path = camera.png; sourceTree = "<group>"; };
/* End PBXFileReference section */

/* Begin PBXFrameworksBuildPhase section */
		8274172A25C46F5100DB12E4 /* Frameworks */ = {
			isa = PBXFrameworksBuildPhase;
			buildActionMask = 2147483647;
			files = (
			);
			runOnlyForDeploymentPostprocessing = 0;
		};
/* End PBXFrameworksBuildPhase section */

/* Begin PBXGroup section */
		8274172425C46F5100DB12E4 = {
			isa = PBXGroup;
			children = (
				8274172F25C46F5100DB12E4 /* I Hear You */,
				8274172E25C46F5100DB12E4 /* Products */,
			);
			sourceTree = "<group>";
		};
		8274172E25C46F5100DB12E4 /* Products */ = {
			isa = PBXGroup;
			children = (
				8274172D25C46F5100DB12E4 /* I Hear You.app */,
			);
			name = Products;
			sourceTree = "<group>";
		};
		8274172F25C46F5100DB12E4 /* I Hear You */ = {
			isa = PBXGroup;
			children = (
				8274173025C46F5100DB12E4 /* AppDelegate.swift */,
				8274173225C46F5100DB12E4 /* SceneDelegate.swift */,
				8274173425C46F5100DB12E4 /* ViewController.swift */,
				8274173925C46F5600DB12E4 /* Assets.xcassets */,
				8274174F25C470DA00DB12E4 /* camera.png */,
				8274174C25C4707700DB12E4 /* iHear.mlmodel */,
				8274173B25C46F5600DB12E4 /* LaunchScreen.storyboard */,
				8274173E25C46F5600DB12E4 /* Info.plist */,
				8274174525C4701600DB12E4 /* CustomButton.swift */,
				8274174925C4705300DB12E4 /* DetectViewController.swift */,
			);
			path = "I Hear You";
			sourceTree = "<group>";
		};
/* End PBXGroup section */

/* Begin PBXNativeTarget section */
		8274172C25C46F5100DB12E4 /* I Hear You */ = {
			isa = PBXNativeTarget;
			buildConfigurationList = 8274174125C46F5600DB12E4 /* Build configuration list for PBXNativeTarget "I Hear You" */;
			buildPhases = (
				8274172925C46F5100DB12E4 /* Sources */,
				8274172A25C46F5100DB12E4 /* Frameworks */,
				8274172B25C46F5100DB12E4 /* Resources */,
			);
			buildRules = (
			);
			dependencies = (
			);
			name = "I Hear You";
			productName = "I Hear You";
			productReference = 8274172D25C46F5100DB12E4 /* I Hear You.app */;
			productType = "com.apple.product-type.application";
		};
/* End PBXNativeTarget section */

/* Begin PBXProject section */
		8274172525C46F5100DB12E4 /* Project object */ = {
			isa = PBXProject;
			attributes = {
				LastSwiftUpdateCheck = 1240;
				LastUpgradeCheck = 1240;
				TargetAttributes = {
					8274172C25C46F5100DB12E4 = {
						CreatedOnToolsVersion = 12.4;
					};
				};
			};
			buildConfigurationList = 8274172825C46F5100DB12E4 /* Build configuration list for PBXProject "I Hear You" */;
			compatibilityVersion = "Xcode 9.3";
			developmentRegion = en;
			hasScannedForEncodings = 0;
			knownRegions = (
				en,
				Base,
			);
			mainGroup = 8274172425C46F5100DB12E4;
			productRefGroup = 8274172E25C46F5100DB12E4 /* Products */;
			projectDirPath = "";
			projectRoot = "";
			targets = (
				8274172C25C46F5100DB12E4 /* I Hear You */,
			);
		};
/* End PBXProject section */

/* Begin PBXResourcesBuildPhase section */
		8274172B25C46F5100DB12E4 /* Resources */ = {
			isa = PBXResourcesBuildPhase;
			buildActionMask = 2147483647;
			files = (
				8274173D25C46F5600DB12E4 /* LaunchScreen.storyboard in Resources */,
				8274175025C470DA00DB12E4 /* camera.png in Resources */,
				8274173A25C46F5600DB12E4 /* Assets.xcassets in Resources */,
			);
			runOnlyForDeploymentPostprocessing = 0;
		};
/* End PBXResourcesBuildPhase section */

/* Begin PBXSourcesBuildPhase section */
		8274172925C46F5100DB12E4 /* Sources */ = {
			isa = PBXSourcesBuildPhase;
			buildActionMask = 2147483647;
			files = (
				8274174625C4701600DB12E4 /* CustomButton.swift in Sources */,
				8274173525C46F5100DB12E4 /* ViewController.swift in Sources */,
				8274174D25C4707800DB12E4 /* iHear.mlmodel in Sources */,
				8274174A25C4705300DB12E4 /* DetectViewController.swift in Sources */,
				8274173125C46F5100DB12E4 /* AppDelegate.swift in Sources */,
				8274173325C46F5100DB12E4 /* SceneDelegate.swift in Sources */,
			);
			runOnlyForDeploymentPostprocessing = 0;
		};
/* End PBXSourcesBuildPhase section */

/* Begin PBXVariantGroup section */
		8274173B25C46F5600DB12E4 /* LaunchScreen.storyboard */ = {
			isa = PBXVariantGroup;
			children = (
				8274173C25C46F5600DB12E4 /* Base */,
			);
			name = LaunchScreen.storyboard;
			sourceTree = "<group>";
		};
/* End PBXVariantGroup section */

/* Begin XCBuildConfiguration section */
		8274173F25C46F5600DB12E4 /* Debug */ = {
			isa = XCBuildConfiguration;
			buildSettings = {
				ALWAYS_SEARCH_USER_PATHS = NO;
				CLANG_ANALYZER_NONNULL = YES;
				CLANG_ANALYZER_NUMBER_OBJECT_CONVERSION = YES_AGGRESSIVE;
				CLANG_CXX_LANGUAGE_STANDARD = "gnu++14";
				CLANG_CXX_LIBRARY = "libc++";
				CLANG_ENABLE_MODULES = YES;
				CLANG_ENABLE_OBJC_ARC = YES;
				CLANG_ENABLE_OBJC_WEAK = YES;
				CLANG_WARN_BLOCK_CAPTURE_AUTORELEASING = YES;
				CLANG_WARN_BOOL_CONVERSION = YES;
				CLANG_WARN_COMMA = YES;
				CLANG_WARN_CONSTANT_CONVERSION = YES;
				CLANG_WARN_DEPRECATED_OBJC_IMPLEMENTATIONS = YES;
				CLANG_WARN_DIRECT_OBJC_ISA_USAGE = YES_ERROR;
				CLANG_WARN_DOCUMENTATION_COMMENTS = YES;
				CLANG_WARN_EMPTY_BODY = YES;
				CLANG_WARN_ENUM_CONVERSION = YES;
				CLANG_WARN_INFINITE_RECURSION = YES;
				CLANG_WARN_INT_CONVERSION = YES;
				CLANG_WARN_NON_LITERAL_NULL_CONVERSION = YES;
				CLANG_WARN_OBJC_IMPLICIT_RETAIN_SELF = YES;
				CLANG_WARN_OBJC_LITERAL_CONVERSION = YES;
				CLANG_WARN_OBJC_ROOT_CLASS = YES_ERROR;
				CLANG_WARN_QUOTED_INCLUDE_IN_FRAMEWORK_HEADER = YES;
				CLANG_WARN_RANGE_LOOP_ANALYSIS = YES;
				CLANG_WARN_STRICT_PROTOTYPES = YES;
				CLANG_WARN_SUSPICIOUS_MOVE = YES;
				CLANG_WARN_UNGUARDED_AVAILABILITY = YES_AGGRESSIVE;
				CLANG_WARN_UNREACHABLE_CODE = YES;
				CLANG_WARN__DUPLICATE_METHOD_MATCH = YES;
				COPY_PHASE_STRIP = NO;
				DEBUG_INFORMATION_FORMAT = dwarf;
				ENABLE_STRICT_OBJC_MSGSEND = YES;
				ENABLE_TESTABILITY = YES;
				GCC_C_LANGUAGE_STANDARD = gnu11;
				GCC_DYNAMIC_NO_PIC = NO;
				GCC_NO_COMMON_BLOCKS = YES;
				GCC_OPTIMIZATION_LEVEL = 0;
				GCC_PREPROCESSOR_DEFINITIONS = (
					"DEBUG=1",
					"$(inherited)",
				);
				GCC_WARN_64_TO_32_BIT_CONVERSION = YES;
				GCC_WARN_ABOUT_RETURN_TYPE = YES_ERROR;
				GCC_WARN_UNDECLARED_SELECTOR = YES;
				GCC_WARN_UNINITIALIZED_AUTOS = YES_AGGRESSIVE;
				GCC_WARN_UNUSED_FUNCTION = YES;
				GCC_WARN_UNUSED_VARIABLE = YES;
				IPHONEOS_DEPLOYMENT_TARGET = 14.4;
				MTL_ENABLE_DEBUG_INFO = INCLUDE_SOURCE;
				MTL_FAST_MATH = YES;
				ONLY_ACTIVE_ARCH = YES;
				SDKROOT = iphoneos;
				SWIFT_ACTIVE_COMPILATION_CONDITIONS = DEBUG;
				SWIFT_OPTIMIZATION_LEVEL = "-Onone";
			};
			name = Debug;
		};
		8274174025C46F5600DB12E4 /* Release */ = {
			isa = XCBuildConfiguration;
			buildSettings = {
				ALWAYS_SEARCH_USER_PATHS = NO;
				CLANG_ANALYZER_NONNULL = YES;
				CLANG_ANALYZER_NUMBER_OBJECT_CONVERSION = YES_AGGRESSIVE;
				CLANG_CXX_LANGUAGE_STANDARD = "gnu++14";
				CLANG_CXX_LIBRARY = "libc++";
				CLANG_ENABLE_MODULES = YES;
				CLANG_ENABLE_OBJC_ARC = YES;
				CLANG_ENABLE_OBJC_WEAK = YES;
				CLANG_WARN_BLOCK_CAPTURE_AUTORELEASING = YES;
				CLANG_WARN_BOOL_CONVERSION = YES;
				CLANG_WARN_COMMA = YES;
				CLANG_WARN_CONSTANT_CONVERSION = YES;
				CLANG_WARN_DEPRECATED_OBJC_IMPLEMENTATIONS = YES;
				CLANG_WARN_DIRECT_OBJC_ISA_USAGE = YES_ERROR;
				CLANG_WARN_DOCUMENTATION_COMMENTS = YES;
				CLANG_WARN_EMPTY_BODY = YES;
				CLANG_WARN_ENUM_CONVERSION = YES;
				CLANG_WARN_INFINITE_RECURSION = YES;
				CLANG_WARN_INT_CONVERSION = YES;
				CLANG_WARN_NON_LITERAL_NULL_CONVERSION = YES;
				CLANG_WARN_OBJC_IMPLICIT_RETAIN_SELF = YES;
				CLANG_WARN_OBJC_LITERAL_CONVERSION = YES;
				CLANG_WARN_OBJC_ROOT_CLASS = YES_ERROR;
				CLANG_WARN_QUOTED_INCLUDE_IN_FRAMEWORK_HEADER = YES;
				CLANG_WARN_RANGE_LOOP_ANALYSIS = YES;
				CLANG_WARN_STRICT_PROTOTYPES = YES;
				CLANG_WARN_SUSPICIOUS_MOVE = YES;
				CLANG_WARN_UNGUARDED_AVAILABILITY = YES_AGGRESSIVE;
				CLANG_WARN_UNREACHABLE_CODE = YES;
				CLANG_WARN__DUPLICATE_METHOD_MATCH = YES;
				COPY_PHASE_STRIP = NO;
				DEBUG_INFORMATION_FORMAT = "dwarf-with-dsym";
				ENABLE_NS_ASSERTIONS = NO;
				ENABLE_STRICT_OBJC_MSGSEND = YES;
				GCC_C_LANGUAGE_STANDARD = gnu11;
				GCC_NO_COMMON_BLOCKS = YES;
				GCC_WARN_64_TO_32_BIT_CONVERSION = YES;
				GCC_WARN_ABOUT_RETURN_TYPE = YES_ERROR;
				GCC_WARN_UNDECLARED_SELECTOR = YES;
				GCC_WARN_UNINITIALIZED_AUTOS = YES_AGGRESSIVE;
				GCC_WARN_UNUSED_FUNCTION = YES;
				GCC_WARN_UNUSED_VARIABLE = YES;
				IPHONEOS_DEPLOYMENT_TARGET = 14.4;
				MTL_ENABLE_DEBUG_INFO = NO;
				MTL_FAST_MATH = YES;
				SDKROOT = iphoneos;
				SWIFT_COMPILATION_MODE = wholemodule;
				SWIFT_OPTIMIZATION_LEVEL = "-O";
				VALIDATE_PRODUCT = YES;
			};
			name = Release;
		};
		8274174225C46F5600DB12E4 /* Debug */ = {
			isa = XCBuildConfiguration;
			buildSettings = {
				ASSETCATALOG_COMPILER_APPICON_NAME = AppIcon;
				ASSETCATALOG_COMPILER_GLOBAL_ACCENT_COLOR_NAME = AccentColor;
				CODE_SIGN_STYLE = Automatic;
				DEVELOPMENT_TEAM = MR9ZMM4MTT;
				INFOPLIST_FILE = "I Hear You/Info.plist";
				LD_RUNPATH_SEARCH_PATHS = (
					"$(inherited)",
					"@executable_path/Frameworks",
				);
				PRODUCT_BUNDLE_IDENTIFIER = "com.aviralx10.I-Hear-You";
				PRODUCT_NAME = "$(TARGET_NAME)";
				SWIFT_VERSION = 5.0;
				TARGETED_DEVICE_FAMILY = "1,2";
			};
			name = Debug;
		};
		8274174325C46F5600DB12E4 /* Release */ = {
			isa = XCBuildConfiguration;
			buildSettings = {
				ASSETCATALOG_COMPILER_APPICON_NAME = AppIcon;
				ASSETCATALOG_COMPILER_GLOBAL_ACCENT_COLOR_NAME = AccentColor;
				CODE_SIGN_STYLE = Automatic;
				DEVELOPMENT_TEAM = MR9ZMM4MTT;
				INFOPLIST_FILE = "I Hear You/Info.plist";
				LD_RUNPATH_SEARCH_PATHS = (
					"$(inherited)",
					"@executable_path/Frameworks",
				);
				PRODUCT_BUNDLE_IDENTIFIER = "com.aviralx10.I-Hear-You";
				PRODUCT_NAME = "$(TARGET_NAME)";
				SWIFT_VERSION = 5.0;
				TARGETED_DEVICE_FAMILY = "1,2";
			};
			name = Release;
		};
/* End XCBuildConfiguration section */

/* Begin XCConfigurationList section */
		8274172825C46F5100DB12E4 /* Build configuration list for PBXProject "I Hear You" */ = {
			isa = XCConfigurationList;
			buildConfigurations = (
				8274173F25C46F5600DB12E4 /* Debug */,
				8274174025C46F5600DB12E4 /* Release */,
			);
			defaultConfigurationIsVisible = 0;
			defaultConfigurationName = Release;
		};
		8274174125C46F5600DB12E4 /* Build configuration list for PBXNativeTarget "I Hear You" */ = {
			isa = XCConfigurationList;
			buildConfigurations = (
				8274174225C46F5600DB12E4 /* Debug */,
				8274174325C46F5600DB12E4 /* Release */,
			);
			defaultConfigurationIsVisible = 0;
			defaultConfigurationName = Release;
		};
/* End XCConfigurationList section */
	};
	rootObject = 8274172525C46F5100DB12E4 /* Project object */;
}
